
Microsoft Visual Studio Solution File, Format Version 12.00
# Visual Studio 2012
Project("{8BC9CEB8-8B4A-11D0-8D11-00A0C91BC942}") = "ExtensionExample", "ExtensionExample.vcxproj", "{382130D6-07A0-4E34-879B-C0C4AE3004F8}"
EndProject
Global
	GlobalSection(SolutionConfigurationPlatforms) = preSolution
		Debug|ARM = Debug|ARM
		Debug|Win32 = Debug|Win32
		Release|ARM = Release|ARM
		Release|Win32 = Release|Win32
	EndGlobalSection
	GlobalSection(ProjectConfigurationPlatforms) = postSolution
		{382130D6-07A0-4E34-879B-C0C4AE3004F8}.Debug|ARM.ActiveCfg = Debug|ARM
		{382130D6-07A0-4E34-879B-C0C4AE3004F8}.Debug|ARM.Build.0 = Debug|ARM
		{382130D6-07A0-4E34-879B-C0C4AE3004F8}.Debug|Win32.ActiveCfg = Debug|Win32
		{382130D6-07A0-4E34-879B-C0C4AE3004F8}.Debug|Win32.Build.0 = Debug|Win32
		{382130D6-07A0-4E34-879B-C0C4AE3004F8}.Release|ARM.ActiveCfg = Release|ARM
		{382130D6-07A0-4E34-879B-C0C4AE3004F8}.Release|ARM.Build.0 = Release|ARM
		{382130D6-07A0-4E34-879B-C0C4AE3004F8}.Release|Win32.ActiveCfg = Release|Win32
		{382130D6-07A0-4E34-879B-C0C4AE3004F8}.Release|Win32.Build.0 = Release|Win32
	EndGlobalSection
	GlobalSection(SolutionProperties) = preSolution
		HideSolutionNode = FALSE
	EndGlobalSection
EndGlobal
