// !$*UTF8*$!
{
	archiveVersion = 1;
	classes = {
	};
	objectVersion = 46;
	objects = {

/* Begin PBXBuildFile section */
		7A6B4AF0197080B500BF5139 /* ExampleExtension.cpp in Sources */ = {isa = PBXBuildFile; fileRef = 7A6B4AEF197080B500BF5139 /* ExampleExtension.cpp */; };
/* End PBXBuildFile section */

/* Begin PBXFileReference section */
		7A6B4AE81970805B00BF5139 /* libExampleExtension.dylib */ = {isa = PBXFileReference; explicitFileType = "compiled.mach-o.dylib"; includeInIndex = 0; path = libExampleExtension.dylib; sourceTree = BUILT_PRODUCTS_DIR; };
		7A6B4AEF197080B500BF5139 /* ExampleExtension.cpp */ = {isa = PBXFileReference; fileEncoding = 4; lastKnownFileType = sourcecode.cpp.cpp; path = ExampleExtension.cpp; sourceTree = "<group>"; };
/* End PBXFileReference section */

/* Begin PBXFrameworksBuildPhase section */
		7A6B4AE51970805B00BF5139 /* Frameworks */ = {
			isa = PBXFrameworksBuildPhase;
			buildActionMask = 2147483647;
			files = (
			);
			runOnlyForDeploymentPostprocessing = 0;
		};
/* End PBXFrameworksBuildPhase section */

/* Begin PBXGroup section */
		7A6B4ADF1970805B00BF5139 = {
			isa = PBXGroup;
			children = (
				7A6B4AEF197080B500BF5139 /* ExampleExtension.cpp */,
				7A6B4AE91970805B00BF5139 /* Products */,
			);
			sourceTree = "<group>";
		};
		7A6B4AE91970805B00BF5139 /* Products */ = {
			isa = PBXGroup;
			children = (
				7A6B4AE81970805B00BF5139 /* libExampleExtension.dylib */,
			);
			name = Products;
			sourceTree = "<group>";
		};
/* End PBXGroup section */

/* Begin PBXHeadersBuildPhase section */
		7A6B4AE61970805B00BF5139 /* Headers */ = {
			isa = PBXHeadersBuildPhase;
			buildActionMask = 2147483647;
			files = (
			);
			runOnlyForDeploymentPostprocessing = 0;
		};
/* End PBXHeadersBuildPhase section */

/* Begin PBXNativeTarget section */
		7A6B4AE71970805B00BF5139 /* ExampleExtension */ = {
			isa = PBXNativeTarget;
			buildConfigurationList = 7A6B4AEC1970805B00BF5139 /* Build configuration list for PBXNativeTarget "ExampleExtension" */;
			buildPhases = (
				7A6B4AE41970805B00BF5139 /* Sources */,
				7A6B4AE51970805B00BF5139 /* Frameworks */,
				7A6B4AE61970805B00BF5139 /* Headers */,
			);
			buildRules = (
			);
			dependencies = (
			);
			name = ExampleExtension;
			productName = ExampleExtension;
			productReference = 7A6B4AE81970805B00BF5139 /* libExampleExtension.dylib */;
			productType = "com.apple.product-type.library.dynamic";
		};
/* End PBXNativeTarget section */

/* Begin PBXProject section */
		7A6B4AE01970805B00BF5139 /* Project object */ = {
			isa = PBXProject;
			attributes = {
				LastUpgradeCheck = 0510;
				ORGANIZATIONNAME = "YoYo Games Ltd";
			};
			buildConfigurationList = 7A6B4AE31970805B00BF5139 /* Build configuration list for PBXProject "ExampleExtension" */;
			compatibilityVersion = "Xcode 3.2";
			developmentRegion = English;
			hasScannedForEncodings = 0;
			knownRegions = (
				en,
			);
			mainGroup = 7A6B4ADF1970805B00BF5139;
			productRefGroup = 7A6B4AE91970805B00BF5139 /* Products */;
			projectDirPath = "";
			projectRoot = "";
			targets = (
				7A6B4AE71970805B00BF5139 /* ExampleExtension */,
			);
		};
/* End PBXProject section */

/* Begin PBXSourcesBuildPhase section */
		7A6B4AE41970805B00BF5139 /* Sources */ = {
			isa = PBXSourcesBuildPhase;
			buildActionMask = 2147483647;
			files = (
				7A6B4AF0197080B500BF5139 /* ExampleExtension.cpp in Sources */,
			);
			runOnlyForDeploymentPostprocessing = 0;
		};
/* End PBXSourcesBuildPhase section */

/* Begin XCBuildConfiguration section */
		7A6B4AEA1970805B00BF5139 /* Debug */ = {
			isa = XCBuildConfiguration;
			buildSettings = {
				ALWAYS_SEARCH_USER_PATHS = NO;
				ARCHS = "$(ARCHS_STANDARD_32_64_BIT)";
				CLANG_CXX_LANGUAGE_STANDARD = "gnu++0x";
				CLANG_CXX_LIBRARY = "libc++";
				CLANG_ENABLE_MODULES = YES;
				CLANG_ENABLE_OBJC_ARC = YES;
				CLANG_WARN_BOOL_CONVERSION = YES;
				CLANG_WARN_CONSTANT_CONVERSION = YES;
				CLANG_WARN_DIRECT_OBJC_ISA_USAGE = YES_ERROR;
				CLANG_WARN_EMPTY_BODY = YES;
				CLANG_WARN_ENUM_CONVERSION = YES;
				CLANG_WARN_INT_CONVERSION = YES;
				CLANG_WARN_OBJC_ROOT_CLASS = YES_ERROR;
				CLANG_WARN__DUPLICATE_METHOD_MATCH = YES;
				COPY_PHASE_STRIP = NO;
				GCC_C_LANGUAGE_STANDARD = gnu99;
				GCC_DYNAMIC_NO_PIC = NO;
				GCC_ENABLE_OBJC_EXCEPTIONS = YES;
				GCC_OPTIMIZATION_LEVEL = 0;
				GCC_PREPROCESSOR_DEFINITIONS = (
					"DEBUG=1",
					"$(inherited)",
				);
				GCC_SYMBOLS_PRIVATE_EXTERN = NO;
				GCC_WARN_64_TO_32_BIT_CONVERSION = YES;
				GCC_WARN_ABOUT_RETURN_TYPE = YES_ERROR;
				GCC_WARN_UNDECLARED_SELECTOR = YES;
				GCC_WARN_UNINITIALIZED_AUTOS = YES_AGGRESSIVE;
				GCC_WARN_UNUSED_FUNCTION = YES;
				GCC_WARN_UNUSED_VARIABLE = YES;
				MACOSX_DEPLOYMENT_TARGET = 10.9;
				ONLY_ACTIVE_ARCH = NO;
				SDKROOT = macosx;
			};
			name = Debug;
		};
		7A6B4AEB1970805B00BF5139 /* Release */ = {
			isa = XCBuildConfiguration;
			buildSettings = {
				ALWAYS_SEARCH_USER_PATHS = NO;
				ARCHS = "$(ARCHS_STANDARD_32_64_BIT)";
				CLANG_CXX_LANGUAGE_STANDARD = "gnu++0x";
				CLANG_CXX_LIBRARY = "libc++";
				CLANG_ENABLE_MODULES = YES;
				CLANG_ENABLE_OBJC_ARC = YES;
				CLANG_WARN_BOOL_CONVERSION = YES;
				CLANG_WARN_CONSTANT_CONVERSION = YES;
				CLANG_WARN_DIRECT_OBJC_ISA_USAGE = YES_ERROR;
				CLANG_WARN_EMPTY_BODY = YES;
				CLANG_WARN_ENUM_CONVERSION = YES;
				CLANG_WARN_INT_CONVERSION = YES;
				CLANG_WARN_OBJC_ROOT_CLASS = YES_ERROR;
				CLANG_WARN__DUPLICATE_METHOD_MATCH = YES;
				COPY_PHASE_STRIP = YES;
				DEBUG_INFORMATION_FORMAT = "dwarf-with-dsym";
				ENABLE_NS_ASSERTIONS = NO;
				GCC_C_LANGUAGE_STANDARD = gnu99;
				GCC_ENABLE_OBJC_EXCEPTIONS = YES;
				GCC_WARN_64_TO_32_BIT_CONVERSION = YES;
				GCC_WARN_ABOUT_RETURN_TYPE = YES_ERROR;
				GCC_WARN_UNDECLARED_SELECTOR = YES;
				GCC_WARN_UNINITIALIZED_AUTOS = YES_AGGRESSIVE;
				GCC_WARN_UNUSED_FUNCTION = YES;
				GCC_WARN_UNUSED_VARIABLE = YES;
				MACOSX_DEPLOYMENT_TARGET = 10.9;
				ONLY_ACTIVE_ARCH = NO;
				SDKROOT = macosx;
			};
			name = Release;
		};
		7A6B4AED1970805B00BF5139 /* Debug */ = {
			isa = XCBuildConfiguration;
			buildSettings = {
				ARCHS = "$(ARCHS_STANDARD_32_64_BIT)";
				EXECUTABLE_PREFIX = lib;
				LD_DYLIB_INSTALL_NAME = "@executable_path/$(EXECUTABLE_PATH)";
				PRODUCT_NAME = "$(TARGET_NAME)";
			};
			name = Debug;
		};
		7A6B4AEE1970805B00BF5139 /* Release */ = {
			isa = XCBuildConfiguration;
			buildSettings = {
				ARCHS = "$(ARCHS_STANDARD_32_64_BIT)";
				EXECUTABLE_PREFIX = lib;
				LD_DYLIB_INSTALL_NAME = "@executable_path/$(EXECUTABLE_PATH)";
				PRODUCT_NAME = "$(TARGET_NAME)";
			};
			name = Release;
		};
/* End XCBuildConfiguration section */

/* Begin XCConfigurationList section */
		7A6B4AE31970805B00BF5139 /* Build configuration list for PBXProject "ExampleExtension" */ = {
			isa = XCConfigurationList;
			buildConfigurations = (
				7A6B4AEA1970805B00BF5139 /* Debug */,
				7A6B4AEB1970805B00BF5139 /* Release */,
			);
			defaultConfigurationIsVisible = 0;
			defaultConfigurationName = Release;
		};
		7A6B4AEC1970805B00BF5139 /* Build configuration list for PBXNativeTarget "ExampleExtension" */ = {
			isa = XCConfigurationList;
			buildConfigurations = (
				7A6B4AED1970805B00BF5139 /* Debug */,
				7A6B4AEE1970805B00BF5139 /* Release */,
			);
			defaultConfigurationIsVisible = 0;
			defaultConfigurationName = Release;
		};
/* End XCConfigurationList section */
	};
	rootObject = 7A6B4AE01970805B00BF5139 /* Project object */;
}
